# @generated - this file is auto-generated by `mise lock` https://mise.jdx.dev/dev-tools/mise-lock.html

[[tools.node]]
version = "22.12.0"
backend = "core:node"

[tools.node."platforms.linux-arm64"]
checksum = "sha256:9e7905fdee722f9650a03ae644b51c4c6effd3b98ac93c588700072ab35c9ddb"
url = "https://nodejs.org/dist/v22.12.0/node-v22.12.0-linux-arm64.tar.gz"

[tools.node."platforms.linux-arm64-musl"]
checksum = "sha256:9e7905fdee722f9650a03ae644b51c4c6effd3b98ac93c588700072ab35c9ddb"
url = "https://nodejs.org/dist/v22.12.0/node-v22.12.0-linux-arm64.tar.gz"

[tools.node."platforms.linux-x64"]
checksum = "sha256:e05a4d65232ae2b27b3d77da2e368522fb46b923335b8e0d5f77624c32484044"
url = "https://nodejs.org/dist/v22.12.0/node-v22.12.0-linux-x64.tar.gz"

[tools.node."platforms.linux-x64-musl"]
checksum = "sha256:e05a4d65232ae2b27b3d77da2e368522fb46b923335b8e0d5f77624c32484044"
url = "https://nodejs.org/dist/v22.12.0/node-v22.12.0-linux-x64.tar.gz"

[tools.node."platforms.macos-arm64"]
checksum = "sha256:293dcc6c2408da21562d135b0412525e381bb6fe150d688edb58fe850d0f3e13"
url = "https://nodejs.org/dist/v22.12.0/node-v22.12.0-darwin-arm64.tar.gz"

[tools.node."platforms.macos-x64"]
checksum = "sha256:52bc25dd026db7247c3c00439afdb83e95087248267f02d6c1a7250d1f896173"
url = "https://nodejs.org/dist/v22.12.0/node-v22.12.0-darwin-x64.tar.gz"

[tools.node."platforms.windows-x64"]
checksum = "sha256:2b8f2256382f97ad51e29ff71f702961af466c4616393f767455501e6aece9b8"
url = "https://nodejs.org/dist/v22.12.0/node-v22.12.0-win-x64.zip"

[[tools.terraform]]
version = "1.13.4"
backend = "aqua:hashicorp/terraform"

[tools.terraform."platforms.linux-arm64"]
checksum = "sha256:a17bde150a4d6c9e7ece063ab634c07723b8242e078f3ae9017486277d6690c4"
url = "https://releases.hashicorp.com/terraform/1.13.4/terraform_1.13.4_linux_arm64.zip"

[tools.terraform."platforms.linux-arm64-musl"]
checksum = "sha256:a17bde150a4d6c9e7ece063ab634c07723b8242e078f3ae9017486277d6690c4"
url = "https://releases.hashicorp.com/terraform/1.13.4/terraform_1.13.4_linux_arm64.zip"

[tools.terraform."platforms.linux-x64"]
checksum = "sha256:98aa516201e948306698efd9954ab4cc0d1227c2578ba56245898b5f679e590b"
url = "https://releases.hashicorp.com/terraform/1.13.4/terraform_1.13.4_linux_amd64.zip"

[tools.terraform."platforms.linux-x64-musl"]
checksum = "sha256:98aa516201e948306698efd9954ab4cc0d1227c2578ba56245898b5f679e590b"
url = "https://releases.hashicorp.com/terraform/1.13.4/terraform_1.13.4_linux_amd64.zip"

[tools.terraform."platforms.macos-arm64"]
checksum = "sha256:6b9e2ff8102c469added7be28cd5cfc2c5a8f7fc3be2df8fe9ee5458d84a1305"
url = "https://releases.hashicorp.com/terraform/1.13.4/terraform_1.13.4_darwin_arm64.zip"

[tools.terraform."platforms.macos-x64"]
checksum = "sha256:0a4441f6aaf37bb18cbaf5c7538f9be638f0d93eb325d285b4b452d014a7737a"
url = "https://releases.hashicorp.com/terraform/1.13.4/terraform_1.13.4_darwin_amd64.zip"

[tools.terraform."platforms.windows-x64"]
checksum = "sha256:c73b27ead20013ba24d4cb5eeced2d77fa6fd13f0e3c0bce3e128b2f6e41a8c9"
url = "https://releases.hashicorp.com/terraform/1.13.4/terraform_1.13.4_windows_amd64.zip"
